// !$*UTF8*$!
{
	archiveVersion = 1;
	classes = {
	};
	objectVersion = 56;
	objects = {

/* Begin PBXBuildFile section */
		1D332CA829537FCC0080F61F /* SwiftStudyUITests.swift in Sources */ = {isa = PBXBuildFile; fileRef = 1D332CA729537FCC0080F61F /* SwiftStudyUITests.swift */; };
		1D332CAA29537FCC0080F61F /* SwiftStudyUITestsLaunchTests.swift in Sources */ = {isa = PBXBuildFile; fileRef = 1D332CA929537FCC0080F61F /* SwiftStudyUITestsLaunchTests.swift */; };
		1D413983294BA48B005BFA16 /* UINavigationControllerNavigate.swift in Sources */ = {isa = PBXBuildFile; fileRef = 1D413982294BA48B005BFA16 /* UINavigationControllerNavigate.swift */; };
		1D41398B294BBA2B005BFA16 /* SwiftUIPreview.swift in Sources */ = {isa = PBXBuildFile; fileRef = 1D41398A294BBA2B005BFA16 /* SwiftUIPreview.swift */; };
		1D41398F294BC9C0005BFA16 /* FeedStoriesCollectionViewCell.swift in Sources */ = {isa = PBXBuildFile; fileRef = 1D41398E294BC9C0005BFA16 /* FeedStoriesCollectionViewCell.swift */; };
		1D41DBDA2955E9AF00C3C251 /* CommentViewController.swift in Sources */ = {isa = PBXBuildFile; fileRef = 1D41DBD92955E9AF00C3C251 /* CommentViewController.swift */; };
		1D4B6BA42951E11000E22C00 /* FeedPostButtons.swift in Sources */ = {isa = PBXBuildFile; fileRef = 1D4B6BA32951E11000E22C00 /* FeedPostButtons.swift */; };
		1D4CDDF22954CEDC00F893BF /* CreateAlert.swift in Sources */ = {isa = PBXBuildFile; fileRef = 1D4CDDF12954CEDC00F893BF /* CreateAlert.swift */; };
		1D4CDDF52954CF0D00F893BF /* UIAlertControllerHierarchy.swift in Sources */ = {isa = PBXBuildFile; fileRef = 1D4CDDF42954CF0D00F893BF /* UIAlertControllerHierarchy.swift */; };
		1D64956A2952670C008AB2D9 /* UIViewScreen.swift in Sources */ = {isa = PBXBuildFile; fileRef = 1D6495692952670C008AB2D9 /* UIViewScreen.swift */; };
		1D64956C29526C91008AB2D9 /* FeedPostPerfilStackView.swift in Sources */ = {isa = PBXBuildFile; fileRef = 1D64956B29526C91008AB2D9 /* FeedPostPerfilStackView.swift */; };
		1D64956E29526EBD008AB2D9 /* FakeBookPerfilButton.swift in Sources */ = {isa = PBXBuildFile; fileRef = 1D64956D29526EBD008AB2D9 /* FakeBookPerfilButton.swift */; };
		1D66F430294D1E4D00797CDF /* Network.swift in Sources */ = {isa = PBXBuildFile; fileRef = 1D66F42F294D1E4D00797CDF /* Network.swift */; };
		1D66F432294D232400797CDF /* Perfil.swift in Sources */ = {isa = PBXBuildFile; fileRef = 1D66F431294D232400797CDF /* Perfil.swift */; };
		1D66F434294D28AD00797CDF /* FeedPostsApi.json in Resources */ = {isa = PBXBuildFile; fileRef = 1D66F433294D273D00797CDF /* FeedPostsApi.json */; };
		1D66F436294D290500797CDF /* FeedStoriesApi.json in Resources */ = {isa = PBXBuildFile; fileRef = 1D66F435294D290500797CDF /* FeedStoriesApi.json */; };
		1D66F438294D29A300797CDF /* FeedViewModel.swift in Sources */ = {isa = PBXBuildFile; fileRef = 1D66F437294D29A300797CDF /* FeedViewModel.swift */; };
		1DA7C7F8294C9CCA009E1368 /* FeedPostStackView.swift in Sources */ = {isa = PBXBuildFile; fileRef = 1DA7C7F7294C9CCA009E1368 /* FeedPostStackView.swift */; };
		1DA7C7FF294CA92F009E1368 /* UIColorColors.swift in Sources */ = {isa = PBXBuildFile; fileRef = 1DA7C7FE294CA92F009E1368 /* UIColorColors.swift */; };
		1DA7C801294CB27A009E1368 /* CreateStackView.swift in Sources */ = {isa = PBXBuildFile; fileRef = 1DA7C800294CB27A009E1368 /* CreateStackView.swift */; };
		1DA7C803294CB28A009E1368 /* CreateImageView.swift in Sources */ = {isa = PBXBuildFile; fileRef = 1DA7C802294CB28A009E1368 /* CreateImageView.swift */; };
		1DA7C806294CB97F009E1368 /* Post.swift in Sources */ = {isa = PBXBuildFile; fileRef = 1DA7C805294CB97F009E1368 /* Post.swift */; };
		1DA7C809294CBE36009E1368 /* UIImageImages.swift in Sources */ = {isa = PBXBuildFile; fileRef = 1DA7C808294CBE36009E1368 /* UIImageImages.swift */; };
		1DA7C80B294CBF94009E1368 /* Story.swift in Sources */ = {isa = PBXBuildFile; fileRef = 1DA7C80A294CBF94009E1368 /* Story.swift */; };
		1DB9E9B1294A02B700FD4189 /* AppDelegate.swift in Sources */ = {isa = PBXBuildFile; fileRef = 1DB9E9B0294A02B700FD4189 /* AppDelegate.swift */; };
		1DB9E9B3294A02B700FD4189 /* SceneDelegate.swift in Sources */ = {isa = PBXBuildFile; fileRef = 1DB9E9B2294A02B700FD4189 /* SceneDelegate.swift */; };
		1DB9E9BA294A02B900FD4189 /* Assets.xcassets in Resources */ = {isa = PBXBuildFile; fileRef = 1DB9E9B9294A02B900FD4189 /* Assets.xcassets */; };
		1DB9E9BD294A02B900FD4189 /* LaunchScreen.storyboard in Resources */ = {isa = PBXBuildFile; fileRef = 1DB9E9BB294A02B900FD4189 /* LaunchScreen.storyboard */; };
		1DB9E9C8294A03EC00FD4189 /* Setup.swift in Sources */ = {isa = PBXBuildFile; fileRef = 1DB9E9C7294A03EC00FD4189 /* Setup.swift */; };
		1DB9E9CC294A058400FD4189 /* UIViewConstraints.swift in Sources */ = {isa = PBXBuildFile; fileRef = 1DB9E9CB294A058400FD4189 /* UIViewConstraints.swift */; };
		1DB9E9CE294A059100FD4189 /* UIViewHierarchy.swift in Sources */ = {isa = PBXBuildFile; fileRef = 1DB9E9CD294A059100FD4189 /* UIViewHierarchy.swift */; };
		1DB9E9D1294A05A800FD4189 /* UIScrollViewHierarchy.swift in Sources */ = {isa = PBXBuildFile; fileRef = 1DB9E9D0294A05A800FD4189 /* UIScrollViewHierarchy.swift */; };
		1DB9E9D8294A0AC800FD4189 /* Create.swift in Sources */ = {isa = PBXBuildFile; fileRef = 1DB9E9D7294A0AC800FD4189 /* Create.swift */; };
		1DB9E9E7294A198800FD4189 /* StringRemove.swift in Sources */ = {isa = PBXBuildFile; fileRef = 1DB9E9E6294A198800FD4189 /* StringRemove.swift */; };
		1DB9E9EF294A40C000FD4189 /* CreateLabel.swift in Sources */ = {isa = PBXBuildFile; fileRef = 1DB9E9EE294A40C000FD4189 /* CreateLabel.swift */; };
		1DB9E9F1294A40CC00FD4189 /* CreateButton.swift in Sources */ = {isa = PBXBuildFile; fileRef = 1DB9E9F0294A40CC00FD4189 /* CreateButton.swift */; };
		1DB9E9F3294A411800FD4189 /* CreateNavigationController.swift in Sources */ = {isa = PBXBuildFile; fileRef = 1DB9E9F2294A411800FD4189 /* CreateNavigationController.swift */; };
		1DBAAA1529511CA100098126 /* resizeImageView.swift in Sources */ = {isa = PBXBuildFile; fileRef = 1DBAAA1429511CA100098126 /* resizeImageView.swift */; };
		1DBBEBAF294B579900739C73 /* FeedViewController.swift in Sources */ = {isa = PBXBuildFile; fileRef = 1DBBEBAE294B579900739C73 /* FeedViewController.swift */; };
		1DBBEBB4294B7FBF00739C73 /* FeedNavigationCollectionView.swift in Sources */ = {isa = PBXBuildFile; fileRef = 1DBBEBB3294B7FBF00739C73 /* FeedNavigationCollectionView.swift */; };
		1DBBEBB6294B847A00739C73 /* FeedView.swift in Sources */ = {isa = PBXBuildFile; fileRef = 1DBBEBB5294B847A00739C73 /* FeedView.swift */; };
		1DBBEBBA294B920400739C73 /* UIViewUnderline.swift in Sources */ = {isa = PBXBuildFile; fileRef = 1DBBEBB9294B920400739C73 /* UIViewUnderline.swift */; };
		1DBBEBBC294B945400739C73 /* FeedNavigationCollectionViewCell.swift in Sources */ = {isa = PBXBuildFile; fileRef = 1DBBEBBB294B945400739C73 /* FeedNavigationCollectionViewCell.swift */; };
		1DBBEBBE294B9D1C00739C73 /* FeedStatusStackView.swift in Sources */ = {isa = PBXBuildFile; fileRef = 1DBBEBBD294B9D1C00739C73 /* FeedStatusStackView.swift */; };
		1DBBEBC1294B9E1000739C73 /* UIStackViewHierarchy.swift in Sources */ = {isa = PBXBuildFile; fileRef = 1DBBEBC0294B9E1000739C73 /* UIStackViewHierarchy.swift */; };
		1DBBEBC3294BA26000739C73 /* FeedStoriesCollectionView.swift in Sources */ = {isa = PBXBuildFile; fileRef = 1DBBEBC2294BA26000739C73 /* FeedStoriesCollectionView.swift */; };
/* End PBXBuildFile section */

/* Begin PBXContainerItemProxy section */
		1D332CAB29537FCC0080F61F /* PBXContainerItemProxy */ = {
			isa = PBXContainerItemProxy;
			containerPortal = 1DB9E9A5294A02B700FD4189 /* Project object */;
			proxyType = 1;
			remoteGlobalIDString = 1DB9E9AC294A02B700FD4189;
			remoteInfo = SwiftStudy;
		};
/* End PBXContainerItemProxy section */

/* Begin PBXFileReference section */
		1D332CA529537FCC0080F61F /* SwiftStudyUITests.xctest */ = {isa = PBXFileReference; explicitFileType = wrapper.cfbundle; includeInIndex = 0; path = SwiftStudyUITests.xctest; sourceTree = BUILT_PRODUCTS_DIR; };
		1D332CA729537FCC0080F61F /* SwiftStudyUITests.swift */ = {isa = PBXFileReference; lastKnownFileType = sourcecode.swift; path = SwiftStudyUITests.swift; sourceTree = "<group>"; };
		1D332CA929537FCC0080F61F /* SwiftStudyUITestsLaunchTests.swift */ = {isa = PBXFileReference; lastKnownFileType = sourcecode.swift; path = SwiftStudyUITestsLaunchTests.swift; sourceTree = "<group>"; };
		1D413982294BA48B005BFA16 /* UINavigationControllerNavigate.swift */ = {isa = PBXFileReference; lastKnownFileType = sourcecode.swift; path = UINavigationControllerNavigate.swift; sourceTree = "<group>"; };
		1D41398A294BBA2B005BFA16 /* SwiftUIPreview.swift */ = {isa = PBXFileReference; lastKnownFileType = sourcecode.swift; path = SwiftUIPreview.swift; sourceTree = "<group>"; };
		1D41398E294BC9C0005BFA16 /* FeedStoriesCollectionViewCell.swift */ = {isa = PBXFileReference; lastKnownFileType = sourcecode.swift; path = FeedStoriesCollectionViewCell.swift; sourceTree = "<group>"; };
		1D41DBD92955E9AF00C3C251 /* CommentViewController.swift */ = {isa = PBXFileReference; lastKnownFileType = sourcecode.swift; path = CommentViewController.swift; sourceTree = "<group>"; };
		1D4B6BA32951E11000E22C00 /* FeedPostButtons.swift */ = {isa = PBXFileReference; lastKnownFileType = sourcecode.swift; path = FeedPostButtons.swift; sourceTree = "<group>"; };
		1D4CDDF12954CEDC00F893BF /* CreateAlert.swift */ = {isa = PBXFileReference; lastKnownFileType = sourcecode.swift; path = CreateAlert.swift; sourceTree = "<group>"; };
		1D4CDDF42954CF0D00F893BF /* UIAlertControllerHierarchy.swift */ = {isa = PBXFileReference; lastKnownFileType = sourcecode.swift; path = UIAlertControllerHierarchy.swift; sourceTree = "<group>"; };
		1D6495692952670C008AB2D9 /* UIViewScreen.swift */ = {isa = PBXFileReference; lastKnownFileType = sourcecode.swift; path = UIViewScreen.swift; sourceTree = "<group>"; };
		1D64956B29526C91008AB2D9 /* FeedPostPerfilStackView.swift */ = {isa = PBXFileReference; lastKnownFileType = sourcecode.swift; path = FeedPostPerfilStackView.swift; sourceTree = "<group>"; };
		1D64956D29526EBD008AB2D9 /* FakeBookPerfilButton.swift */ = {isa = PBXFileReference; lastKnownFileType = sourcecode.swift; path = FakeBookPerfilButton.swift; sourceTree = "<group>"; };
		1D66F42F294D1E4D00797CDF /* Network.swift */ = {isa = PBXFileReference; lastKnownFileType = sourcecode.swift; path = Network.swift; sourceTree = "<group>"; };
		1D66F431294D232400797CDF /* Perfil.swift */ = {isa = PBXFileReference; lastKnownFileType = sourcecode.swift; path = Perfil.swift; sourceTree = "<group>"; };
		1D66F433294D273D00797CDF /* FeedPostsApi.json */ = {isa = PBXFileReference; lastKnownFileType = text.json; path = FeedPostsApi.json; sourceTree = "<group>"; };
		1D66F435294D290500797CDF /* FeedStoriesApi.json */ = {isa = PBXFileReference; lastKnownFileType = text.json; path = FeedStoriesApi.json; sourceTree = "<group>"; };
		1D66F437294D29A300797CDF /* FeedViewModel.swift */ = {isa = PBXFileReference; lastKnownFileType = sourcecode.swift; path = FeedViewModel.swift; sourceTree = "<group>"; };
		1DA7C7F7294C9CCA009E1368 /* FeedPostStackView.swift */ = {isa = PBXFileReference; lastKnownFileType = sourcecode.swift; path = FeedPostStackView.swift; sourceTree = "<group>"; };
		1DA7C7FE294CA92F009E1368 /* UIColorColors.swift */ = {isa = PBXFileReference; lastKnownFileType = sourcecode.swift; path = UIColorColors.swift; sourceTree = "<group>"; };
		1DA7C800294CB27A009E1368 /* CreateStackView.swift */ = {isa = PBXFileReference; lastKnownFileType = sourcecode.swift; path = CreateStackView.swift; sourceTree = "<group>"; };
		1DA7C802294CB28A009E1368 /* CreateImageView.swift */ = {isa = PBXFileReference; lastKnownFileType = sourcecode.swift; path = CreateImageView.swift; sourceTree = "<group>"; };
		1DA7C805294CB97F009E1368 /* Post.swift */ = {isa = PBXFileReference; lastKnownFileType = sourcecode.swift; path = Post.swift; sourceTree = "<group>"; };
		1DA7C808294CBE36009E1368 /* UIImageImages.swift */ = {isa = PBXFileReference; lastKnownFileType = sourcecode.swift; path = UIImageImages.swift; sourceTree = "<group>"; };
		1DA7C80A294CBF94009E1368 /* Story.swift */ = {isa = PBXFileReference; lastKnownFileType = sourcecode.swift; path = Story.swift; sourceTree = "<group>"; };
		1DB9E9AD294A02B700FD4189 /* SwiftStudy.app */ = {isa = PBXFileReference; explicitFileType = wrapper.application; includeInIndex = 0; path = SwiftStudy.app; sourceTree = BUILT_PRODUCTS_DIR; };
		1DB9E9B0294A02B700FD4189 /* AppDelegate.swift */ = {isa = PBXFileReference; lastKnownFileType = sourcecode.swift; path = AppDelegate.swift; sourceTree = "<group>"; };
		1DB9E9B2294A02B700FD4189 /* SceneDelegate.swift */ = {isa = PBXFileReference; lastKnownFileType = sourcecode.swift; path = SceneDelegate.swift; sourceTree = "<group>"; };
		1DB9E9B9294A02B900FD4189 /* Assets.xcassets */ = {isa = PBXFileReference; lastKnownFileType = folder.assetcatalog; path = Assets.xcassets; sourceTree = "<group>"; };
		1DB9E9BC294A02B900FD4189 /* Base */ = {isa = PBXFileReference; lastKnownFileType = file.storyboard; name = Base; path = Base.lproj/LaunchScreen.storyboard; sourceTree = "<group>"; };
		1DB9E9BE294A02B900FD4189 /* Info.plist */ = {isa = PBXFileReference; lastKnownFileType = text.plist.xml; path = Info.plist; sourceTree = "<group>"; };
		1DB9E9C7294A03EC00FD4189 /* Setup.swift */ = {isa = PBXFileReference; lastKnownFileType = sourcecode.swift; path = Setup.swift; sourceTree = "<group>"; };
		1DB9E9CB294A058400FD4189 /* UIViewConstraints.swift */ = {isa = PBXFileReference; lastKnownFileType = sourcecode.swift; path = UIViewConstraints.swift; sourceTree = "<group>"; };
		1DB9E9CD294A059100FD4189 /* UIViewHierarchy.swift */ = {isa = PBXFileReference; lastKnownFileType = sourcecode.swift; path = UIViewHierarchy.swift; sourceTree = "<group>"; };
		1DB9E9D0294A05A800FD4189 /* UIScrollViewHierarchy.swift */ = {isa = PBXFileReference; lastKnownFileType = sourcecode.swift; path = UIScrollViewHierarchy.swift; sourceTree = "<group>"; };
		1DB9E9D7294A0AC800FD4189 /* Create.swift */ = {isa = PBXFileReference; lastKnownFileType = sourcecode.swift; path = Create.swift; sourceTree = "<group>"; };
		1DB9E9E6294A198800FD4189 /* StringRemove.swift */ = {isa = PBXFileReference; lastKnownFileType = sourcecode.swift; path = StringRemove.swift; sourceTree = "<group>"; };
		1DB9E9EE294A40C000FD4189 /* CreateLabel.swift */ = {isa = PBXFileReference; lastKnownFileType = sourcecode.swift; path = CreateLabel.swift; sourceTree = "<group>"; };
		1DB9E9F0294A40CC00FD4189 /* CreateButton.swift */ = {isa = PBXFileReference; lastKnownFileType = sourcecode.swift; path = CreateButton.swift; sourceTree = "<group>"; };
		1DB9E9F2294A411800FD4189 /* CreateNavigationController.swift */ = {isa = PBXFileReference; lastKnownFileType = sourcecode.swift; path = CreateNavigationController.swift; sourceTree = "<group>"; };
		1DBAAA1429511CA100098126 /* resizeImageView.swift */ = {isa = PBXFileReference; lastKnownFileType = sourcecode.swift; path = resizeImageView.swift; sourceTree = "<group>"; };
		1DBBEBAE294B579900739C73 /* FeedViewController.swift */ = {isa = PBXFileReference; lastKnownFileType = sourcecode.swift; path = FeedViewController.swift; sourceTree = "<group>"; };
		1DBBEBB3294B7FBF00739C73 /* FeedNavigationCollectionView.swift */ = {isa = PBXFileReference; lastKnownFileType = sourcecode.swift; path = FeedNavigationCollectionView.swift; sourceTree = "<group>"; };
		1DBBEBB5294B847A00739C73 /* FeedView.swift */ = {isa = PBXFileReference; lastKnownFileType = sourcecode.swift; path = FeedView.swift; sourceTree = "<group>"; };
		1DBBEBB9294B920400739C73 /* UIViewUnderline.swift */ = {isa = PBXFileReference; lastKnownFileType = sourcecode.swift; path = UIViewUnderline.swift; sourceTree = "<group>"; };
		1DBBEBBB294B945400739C73 /* FeedNavigationCollectionViewCell.swift */ = {isa = PBXFileReference; lastKnownFileType = sourcecode.swift; path = FeedNavigationCollectionViewCell.swift; sourceTree = "<group>"; };
		1DBBEBBD294B9D1C00739C73 /* FeedStatusStackView.swift */ = {isa = PBXFileReference; lastKnownFileType = sourcecode.swift; path = FeedStatusStackView.swift; sourceTree = "<group>"; };
		1DBBEBC0294B9E1000739C73 /* UIStackViewHierarchy.swift */ = {isa = PBXFileReference; lastKnownFileType = sourcecode.swift; path = UIStackViewHierarchy.swift; sourceTree = "<group>"; };
		1DBBEBC2294BA26000739C73 /* FeedStoriesCollectionView.swift */ = {isa = PBXFileReference; lastKnownFileType = sourcecode.swift; path = FeedStoriesCollectionView.swift; sourceTree = "<group>"; };
/* End PBXFileReference section */

/* Begin PBXFrameworksBuildPhase section */
		1D332CA229537FCC0080F61F /* Frameworks */ = {
			isa = PBXFrameworksBuildPhase;
			buildActionMask = 2147483647;
			files = (
			);
			runOnlyForDeploymentPostprocessing = 0;
		};
		1DB9E9AA294A02B700FD4189 /* Frameworks */ = {
			isa = PBXFrameworksBuildPhase;
			buildActionMask = 2147483647;
			files = (
			);
			runOnlyForDeploymentPostprocessing = 0;
		};
/* End PBXFrameworksBuildPhase section */

/* Begin PBXGroup section */
		1D332CA629537FCC0080F61F /* SwiftStudyUITests */ = {
			isa = PBXGroup;
			children = (
				1D332CA729537FCC0080F61F /* SwiftStudyUITests.swift */,
				1D332CA929537FCC0080F61F /* SwiftStudyUITestsLaunchTests.swift */,
			);
			path = SwiftStudyUITests;
			sourceTree = "<group>";
		};
		1D413981294BA474005BFA16 /* UINavigationController */ = {
			isa = PBXGroup;
			children = (
				1D413982294BA48B005BFA16 /* UINavigationControllerNavigate.swift */,
			);
			path = UINavigationController;
			sourceTree = "<group>";
		};
		1D413984294BB710005BFA16 /* FeedNavigation */ = {
			isa = PBXGroup;
			children = (
				1DBBEBBB294B945400739C73 /* FeedNavigationCollectionViewCell.swift */,
				1DBBEBB3294B7FBF00739C73 /* FeedNavigationCollectionView.swift */,
			);
			path = FeedNavigation;
			sourceTree = "<group>";
		};
		1D413985294BB723005BFA16 /* FeedStories */ = {
			isa = PBXGroup;
			children = (
				1D41398E294BC9C0005BFA16 /* FeedStoriesCollectionViewCell.swift */,
				1DBBEBC2294BA26000739C73 /* FeedStoriesCollectionView.swift */,
			);
			path = FeedStories;
			sourceTree = "<group>";
		};
		1D413986294BB737005BFA16 /* FeedStatus */ = {
			isa = PBXGroup;
			children = (
				1DBBEBBD294B9D1C00739C73 /* FeedStatusStackView.swift */,
			);
			path = FeedStatus;
			sourceTree = "<group>";
		};
		1D413987294BB955005BFA16 /* FeedView */ = {
			isa = PBXGroup;
			children = (
				1D66F437294D29A300797CDF /* FeedViewModel.swift */,
				1DBBEBB5294B847A00739C73 /* FeedView.swift */,
			);
			path = FeedView;
			sourceTree = "<group>";
		};
		1D413988294BB95B005BFA16 /* FeedViewController */ = {
			isa = PBXGroup;
			children = (
				1DBBEBAE294B579900739C73 /* FeedViewController.swift */,
			);
			path = FeedViewController;
			sourceTree = "<group>";
		};
		1D413989294BBA18005BFA16 /* SwiftUI */ = {
			isa = PBXGroup;
			children = (
				1D41398A294BBA2B005BFA16 /* SwiftUIPreview.swift */,
			);
			path = SwiftUI;
			sourceTree = "<group>";
		};
		1D41DBD82955E99900C3C251 /* Comment */ = {
			isa = PBXGroup;
			children = (
				1D41DBD92955E9AF00C3C251 /* CommentViewController.swift */,
			);
			path = Comment;
			sourceTree = "<group>";
		};
		1D4CDDF32954CEF600F893BF /* UIAlertController */ = {
			isa = PBXGroup;
			children = (
				1D4CDDF42954CF0D00F893BF /* UIAlertControllerHierarchy.swift */,
			);
			path = UIAlertController;
			sourceTree = "<group>";
		};
		1D64957129526FF5008AB2D9 /* Objects */ = {
			isa = PBXGroup;
			children = (
				1D64956D29526EBD008AB2D9 /* FakeBookPerfilButton.swift */,
			);
			path = Objects;
			sourceTree = "<group>";
		};
		1D66F42E294D1E3C00797CDF /* Network */ = {
			isa = PBXGroup;
			children = (
				1D7F680A2955F8F400B43FDF /* Models */,
				1D7F68092955F8E600B43FDF /* API */,
				1D66F42F294D1E4D00797CDF /* Network.swift */,
			);
			path = Network;
			sourceTree = "<group>";
		};
		1D7F68092955F8E600B43FDF /* API */ = {
			isa = PBXGroup;
			children = (
				1D66F433294D273D00797CDF /* FeedPostsApi.json */,
				1D66F435294D290500797CDF /* FeedStoriesApi.json */,
			);
			path = API;
			sourceTree = "<group>";
		};
		1D7F680A2955F8F400B43FDF /* Models */ = {
			isa = PBXGroup;
			children = (
				1DA7C805294CB97F009E1368 /* Post.swift */,
				1DA7C80A294CBF94009E1368 /* Story.swift */,
				1D66F431294D232400797CDF /* Perfil.swift */,
			);
			path = Models;
			sourceTree = "<group>";
		};
		1DA7C7F6294C9CA7009E1368 /* FeedPostView */ = {
			isa = PBXGroup;
			children = (
				1D64956B29526C91008AB2D9 /* FeedPostPerfilStackView.swift */,
				1D4B6BA32951E11000E22C00 /* FeedPostButtons.swift */,
				1DA7C7F7294C9CCA009E1368 /* FeedPostStackView.swift */,
			);
			path = FeedPostView;
			sourceTree = "<group>";
		};
		1DA7C7FC294CA917009E1368 /* UIColor */ = {
			isa = PBXGroup;
			children = (
				1DA7C7FE294CA92F009E1368 /* UIColorColors.swift */,
			);
			path = UIColor;
			sourceTree = "<group>";
		};
		1DA7C807294CBE25009E1368 /* UIImage */ = {
			isa = PBXGroup;
			children = (
				1DA7C808294CBE36009E1368 /* UIImageImages.swift */,
			);
			path = UIImage;
			sourceTree = "<group>";
		};
		1DB9E9A4294A02B700FD4189 = {
			isa = PBXGroup;
			children = (
				1DB9E9AF294A02B700FD4189 /* SwiftStudy */,
				1D332CA629537FCC0080F61F /* SwiftStudyUITests */,
				1DB9E9AE294A02B700FD4189 /* Products */,
			);
			sourceTree = "<group>";
		};
		1DB9E9AE294A02B700FD4189 /* Products */ = {
			isa = PBXGroup;
			children = (
				1DB9E9AD294A02B700FD4189 /* SwiftStudy.app */,
				1D332CA529537FCC0080F61F /* SwiftStudyUITests.xctest */,
			);
			name = Products;
			sourceTree = "<group>";
		};
		1DB9E9AF294A02B700FD4189 /* SwiftStudy */ = {
			isa = PBXGroup;
			children = (
				1DB9E9C6294A02D000FD4189 /* AppFront */,
				1DB9E9C5294A02C900FD4189 /* AppDelegate */,
				1DB9E9C4294A02C000FD4189 /* AppUtils */,
				1DB9E9BB294A02B900FD4189 /* LaunchScreen.storyboard */,
				1DB9E9BE294A02B900FD4189 /* Info.plist */,
			);
			path = SwiftStudy;
			sourceTree = "<group>";
		};
		1DB9E9C4294A02C000FD4189 /* AppUtils */ = {
			isa = PBXGroup;
			children = (
				1D64957129526FF5008AB2D9 /* Objects */,
				1D66F42E294D1E3C00797CDF /* Network */,
				1D413989294BBA18005BFA16 /* SwiftUI */,
				1DB9E9DB294A0AD700FD4189 /* Create */,
				1DB9E9DA294A0AD000FD4189 /* Setup */,
				1DB9E9D9294A0ACB00FD4189 /* Assets */,
				1DB9E9C9294A055F00FD4189 /* Extensions */,
			);
			path = AppUtils;
			sourceTree = "<group>";
		};
		1DB9E9C5294A02C900FD4189 /* AppDelegate */ = {
			isa = PBXGroup;
			children = (
				1DB9E9B2294A02B700FD4189 /* SceneDelegate.swift */,
				1DB9E9B0294A02B700FD4189 /* AppDelegate.swift */,
			);
			path = AppDelegate;
			sourceTree = "<group>";
		};
		1DB9E9C6294A02D000FD4189 /* AppFront */ = {
			isa = PBXGroup;
			children = (
				1DBAAA1029510F7100098126 /* Feed */,
				1D41DBD82955E99900C3C251 /* Comment */,
			);
			path = AppFront;
			sourceTree = "<group>";
		};
		1DB9E9C9294A055F00FD4189 /* Extensions */ = {
			isa = PBXGroup;
			children = (
				1D4CDDF32954CEF600F893BF /* UIAlertController */,
				1DBAAA1329511C6300098126 /* UIButton */,
				1DA7C807294CBE25009E1368 /* UIImage */,
				1DA7C7FC294CA917009E1368 /* UIColor */,
				1D413981294BA474005BFA16 /* UINavigationController */,
				1DBBEBBF294B9E0000739C73 /* UIStackView */,
				1DB9E9E5294A196B00FD4189 /* String */,
				1DB9E9CF294A059500FD4189 /* UIScrollView */,
				1DB9E9CA294A056E00FD4189 /* UIView */,
			);
			path = Extensions;
			sourceTree = "<group>";
		};
		1DB9E9CA294A056E00FD4189 /* UIView */ = {
			isa = PBXGroup;
			children = (
				1DB9E9CB294A058400FD4189 /* UIViewConstraints.swift */,
				1DB9E9CD294A059100FD4189 /* UIViewHierarchy.swift */,
				1DBBEBB9294B920400739C73 /* UIViewUnderline.swift */,
				1D6495692952670C008AB2D9 /* UIViewScreen.swift */,
			);
			path = UIView;
			sourceTree = "<group>";
		};
		1DB9E9CF294A059500FD4189 /* UIScrollView */ = {
			isa = PBXGroup;
			children = (
				1DB9E9D0294A05A800FD4189 /* UIScrollViewHierarchy.swift */,
			);
			path = UIScrollView;
			sourceTree = "<group>";
		};
		1DB9E9D9294A0ACB00FD4189 /* Assets */ = {
			isa = PBXGroup;
			children = (
				1DB9E9B9294A02B900FD4189 /* Assets.xcassets */,
			);
			path = Assets;
			sourceTree = "<group>";
		};
		1DB9E9DA294A0AD000FD4189 /* Setup */ = {
			isa = PBXGroup;
			children = (
				1DB9E9C7294A03EC00FD4189 /* Setup.swift */,
			);
			path = Setup;
			sourceTree = "<group>";
		};
		1DB9E9DB294A0AD700FD4189 /* Create */ = {
			isa = PBXGroup;
			children = (
				1DB9E9D7294A0AC800FD4189 /* Create.swift */,
				1DB9E9EE294A40C000FD4189 /* CreateLabel.swift */,
				1DB9E9F0294A40CC00FD4189 /* CreateButton.swift */,
				1DB9E9F2294A411800FD4189 /* CreateNavigationController.swift */,
				1DA7C800294CB27A009E1368 /* CreateStackView.swift */,
				1DA7C802294CB28A009E1368 /* CreateImageView.swift */,
				1D4CDDF12954CEDC00F893BF /* CreateAlert.swift */,
			);
			path = Create;
			sourceTree = "<group>";
		};
		1DB9E9E5294A196B00FD4189 /* String */ = {
			isa = PBXGroup;
			children = (
				1DB9E9E6294A198800FD4189 /* StringRemove.swift */,
			);
			path = String;
			sourceTree = "<group>";
		};
		1DBAAA1029510F7100098126 /* Feed */ = {
			isa = PBXGroup;
			children = (
				1D413984294BB710005BFA16 /* FeedNavigation */,
				1D413986294BB737005BFA16 /* FeedStatus */,
				1D413985294BB723005BFA16 /* FeedStories */,
				1DA7C7F6294C9CA7009E1368 /* FeedPostView */,
				1D413987294BB955005BFA16 /* FeedView */,
				1D413988294BB95B005BFA16 /* FeedViewController */,
			);
			path = Feed;
			sourceTree = "<group>";
		};
		1DBAAA1329511C6300098126 /* UIButton */ = {
			isa = PBXGroup;
			children = (
				1DBAAA1429511CA100098126 /* resizeImageView.swift */,
			);
			path = UIButton;
			sourceTree = "<group>";
		};
		1DBBEBBF294B9E0000739C73 /* UIStackView */ = {
			isa = PBXGroup;
			children = (
				1DBBEBC0294B9E1000739C73 /* UIStackViewHierarchy.swift */,
			);
			path = UIStackView;
			sourceTree = "<group>";
		};
/* End PBXGroup section */

/* Begin PBXNativeTarget section */
		1D332CA429537FCC0080F61F /* SwiftStudyUITests */ = {
			isa = PBXNativeTarget;
			buildConfigurationList = 1D332CAD29537FCC0080F61F /* Build configuration list for PBXNativeTarget "SwiftStudyUITests" */;
			buildPhases = (
				1D332CA129537FCC0080F61F /* Sources */,
				1D332CA229537FCC0080F61F /* Frameworks */,
				1D332CA329537FCC0080F61F /* Resources */,
			);
			buildRules = (
			);
			dependencies = (
				1D332CAC29537FCC0080F61F /* PBXTargetDependency */,
			);
			name = SwiftStudyUITests;
			productName = SwiftStudyUITests;
			productReference = 1D332CA529537FCC0080F61F /* SwiftStudyUITests.xctest */;
			productType = "com.apple.product-type.bundle.ui-testing";
		};
		1DB9E9AC294A02B700FD4189 /* SwiftStudy */ = {
			isa = PBXNativeTarget;
			buildConfigurationList = 1DB9E9C1294A02B900FD4189 /* Build configuration list for PBXNativeTarget "SwiftStudy" */;
			buildPhases = (
				1DB9E9A9294A02B700FD4189 /* Sources */,
				1DB9E9AA294A02B700FD4189 /* Frameworks */,
				1DB9E9AB294A02B700FD4189 /* Resources */,
			);
			buildRules = (
			);
			dependencies = (
			);
			name = SwiftStudy;
			productName = SwiftStudy;
			productReference = 1DB9E9AD294A02B700FD4189 /* SwiftStudy.app */;
			productType = "com.apple.product-type.application";
		};
/* End PBXNativeTarget section */

/* Begin PBXProject section */
		1DB9E9A5294A02B700FD4189 /* Project object */ = {
			isa = PBXProject;
			attributes = {
				BuildIndependentTargetsInParallel = 1;
				LastSwiftUpdateCheck = 1420;
				LastUpgradeCheck = 1410;
				TargetAttributes = {
					1D332CA429537FCC0080F61F = {
						CreatedOnToolsVersion = 14.2;
						TestTargetID = 1DB9E9AC294A02B700FD4189;
					};
					1DB9E9AC294A02B700FD4189 = {
						CreatedOnToolsVersion = 14.1;
					};
				};
			};
			buildConfigurationList = 1DB9E9A8294A02B700FD4189 /* Build configuration list for PBXProject "FakeBook" */;
			compatibilityVersion = "Xcode 14.0";
			developmentRegion = en;
			hasScannedForEncodings = 0;
			knownRegions = (
				en,
				Base,
			);
			mainGroup = 1DB9E9A4294A02B700FD4189;
			productRefGroup = 1DB9E9AE294A02B700FD4189 /* Products */;
			projectDirPath = "";
			projectRoot = "";
			targets = (
				1DB9E9AC294A02B700FD4189 /* SwiftStudy */,
				1D332CA429537FCC0080F61F /* SwiftStudyUITests */,
			);
		};
/* End PBXProject section */

/* Begin PBXResourcesBuildPhase section */
		1D332CA329537FCC0080F61F /* Resources */ = {
			isa = PBXResourcesBuildPhase;
			buildActionMask = 2147483647;
			files = (
			);
			runOnlyForDeploymentPostprocessing = 0;
		};
		1DB9E9AB294A02B700FD4189 /* Resources */ = {
			isa = PBXResourcesBuildPhase;
			buildActionMask = 2147483647;
			files = (
				1DB9E9BD294A02B900FD4189 /* LaunchScreen.storyboard in Resources */,
				1D66F434294D28AD00797CDF /* FeedPostsApi.json in Resources */,
				1D66F436294D290500797CDF /* FeedStoriesApi.json in Resources */,
				1DB9E9BA294A02B900FD4189 /* Assets.xcassets in Resources */,
			);
			runOnlyForDeploymentPostprocessing = 0;
		};
/* End PBXResourcesBuildPhase section */

/* Begin PBXSourcesBuildPhase section */
		1D332CA129537FCC0080F61F /* Sources */ = {
			isa = PBXSourcesBuildPhase;
			buildActionMask = 2147483647;
			files = (
				1D332CAA29537FCC0080F61F /* SwiftStudyUITestsLaunchTests.swift in Sources */,
				1D332CA829537FCC0080F61F /* SwiftStudyUITests.swift in Sources */,
			);
			runOnlyForDeploymentPostprocessing = 0;
		};
		1DB9E9A9294A02B700FD4189 /* Sources */ = {
			isa = PBXSourcesBuildPhase;
			buildActionMask = 2147483647;
			files = (
				1DB9E9D8294A0AC800FD4189 /* Create.swift in Sources */,
				1DB9E9D1294A05A800FD4189 /* UIScrollViewHierarchy.swift in Sources */,
				1DA7C803294CB28A009E1368 /* CreateImageView.swift in Sources */,
				1DBAAA1529511CA100098126 /* resizeImageView.swift in Sources */,
				1DB9E9CE294A059100FD4189 /* UIViewHierarchy.swift in Sources */,
				1D66F430294D1E4D00797CDF /* Network.swift in Sources */,
				1DA7C7F8294C9CCA009E1368 /* FeedPostStackView.swift in Sources */,
				1DB9E9E7294A198800FD4189 /* StringRemove.swift in Sources */,
				1D413983294BA48B005BFA16 /* UINavigationControllerNavigate.swift in Sources */,
				1DA7C806294CB97F009E1368 /* Post.swift in Sources */,
				1DB9E9B1294A02B700FD4189 /* AppDelegate.swift in Sources */,
				1D66F438294D29A300797CDF /* FeedViewModel.swift in Sources */,
				1D4B6BA42951E11000E22C00 /* FeedPostButtons.swift in Sources */,
				1DBBEBB4294B7FBF00739C73 /* FeedNavigationCollectionView.swift in Sources */,
				1DB9E9B3294A02B700FD4189 /* SceneDelegate.swift in Sources */,
				1D4CDDF22954CEDC00F893BF /* CreateAlert.swift in Sources */,
				1DBBEBB6294B847A00739C73 /* FeedView.swift in Sources */,
				1D4CDDF52954CF0D00F893BF /* UIAlertControllerHierarchy.swift in Sources */,
				1DA7C7FF294CA92F009E1368 /* UIColorColors.swift in Sources */,
				1D41398B294BBA2B005BFA16 /* SwiftUIPreview.swift in Sources */,
				1DA7C809294CBE36009E1368 /* UIImageImages.swift in Sources */,
				1DA7C80B294CBF94009E1368 /* Story.swift in Sources */,
				1DBBEBC1294B9E1000739C73 /* UIStackViewHierarchy.swift in Sources */,
				1DBBEBBE294B9D1C00739C73 /* FeedStatusStackView.swift in Sources */,
				1D64956C29526C91008AB2D9 /* FeedPostPerfilStackView.swift in Sources */,
				1DB9E9C8294A03EC00FD4189 /* Setup.swift in Sources */,
				1D41398F294BC9C0005BFA16 /* FeedStoriesCollectionViewCell.swift in Sources */,
				1DA7C801294CB27A009E1368 /* CreateStackView.swift in Sources */,
				1DB9E9F3294A411800FD4189 /* CreateNavigationController.swift in Sources */,
				1DB9E9CC294A058400FD4189 /* UIViewConstraints.swift in Sources */,
				1DBBEBAF294B579900739C73 /* FeedViewController.swift in Sources */,
				1DB9E9EF294A40C000FD4189 /* CreateLabel.swift in Sources */,
				1DBBEBBC294B945400739C73 /* FeedNavigationCollectionViewCell.swift in Sources */,
				1D64956E29526EBD008AB2D9 /* FakeBookPerfilButton.swift in Sources */,
				1DB9E9F1294A40CC00FD4189 /* CreateButton.swift in Sources */,
				1DBBEBC3294BA26000739C73 /* FeedStoriesCollectionView.swift in Sources */,
				1DBBEBBA294B920400739C73 /* UIViewUnderline.swift in Sources */,
				1D64956A2952670C008AB2D9 /* UIViewScreen.swift in Sources */,
				1D66F432294D232400797CDF /* Perfil.swift in Sources */,
				1D41DBDA2955E9AF00C3C251 /* CommentViewController.swift in Sources */,
			);
			runOnlyForDeploymentPostprocessing = 0;
		};
/* End PBXSourcesBuildPhase section */

/* Begin PBXTargetDependency section */
		1D332CAC29537FCC0080F61F /* PBXTargetDependency */ = {
			isa = PBXTargetDependency;
			target = 1DB9E9AC294A02B700FD4189 /* SwiftStudy */;
			targetProxy = 1D332CAB29537FCC0080F61F /* PBXContainerItemProxy */;
		};
/* End PBXTargetDependency section */

/* Begin PBXVariantGroup section */
		1DB9E9BB294A02B900FD4189 /* LaunchScreen.storyboard */ = {
			isa = PBXVariantGroup;
			children = (
				1DB9E9BC294A02B900FD4189 /* Base */,
			);
			name = LaunchScreen.storyboard;
			sourceTree = "<group>";
		};
/* End PBXVariantGroup section */

/* Begin XCBuildConfiguration section */
		1D332CAE29537FCC0080F61F /* Debug */ = {
			isa = XCBuildConfiguration;
			buildSettings = {
				CODE_SIGN_STYLE = Automatic;
				CURRENT_PROJECT_VERSION = 1;
				DEVELOPMENT_TEAM = 2N35X62DPN;
				GENERATE_INFOPLIST_FILE = YES;
				IPHONEOS_DEPLOYMENT_TARGET = 16.2;
				MARKETING_VERSION = 1.0;
				PRODUCT_BUNDLE_IDENTIFIER = "-Sys.SwiftStudyUITests";
				PRODUCT_NAME = "$(TARGET_NAME)";
				SWIFT_EMIT_LOC_STRINGS = NO;
				SWIFT_VERSION = 5.0;
				TARGETED_DEVICE_FAMILY = "1,2";
				TEST_TARGET_NAME = SwiftStudy;
			};
			name = Debug;
		};
		1D332CAF29537FCC0080F61F /* Release */ = {
			isa = XCBuildConfiguration;
			buildSettings = {
				CODE_SIGN_STYLE = Automatic;
				CURRENT_PROJECT_VERSION = 1;
				DEVELOPMENT_TEAM = 2N35X62DPN;
				GENERATE_INFOPLIST_FILE = YES;
				IPHONEOS_DEPLOYMENT_TARGET = 16.2;
				MARKETING_VERSION = 1.0;
				PRODUCT_BUNDLE_IDENTIFIER = "-Sys.SwiftStudyUITests";
				PRODUCT_NAME = "$(TARGET_NAME)";
				SWIFT_EMIT_LOC_STRINGS = NO;
				SWIFT_VERSION = 5.0;
				TARGETED_DEVICE_FAMILY = "1,2";
				TEST_TARGET_NAME = SwiftStudy;
			};
			name = Release;
		};
		1DB9E9BF294A02B900FD4189 /* Debug */ = {
			isa = XCBuildConfiguration;
			buildSettings = {
				ALWAYS_SEARCH_USER_PATHS = NO;
				CLANG_ANALYZER_NONNULL = YES;
				CLANG_ANALYZER_NUMBER_OBJECT_CONVERSION = YES_AGGRESSIVE;
				CLANG_CXX_LANGUAGE_STANDARD = "gnu++20";
				CLANG_ENABLE_MODULES = YES;
				CLANG_ENABLE_OBJC_ARC = YES;
				CLANG_ENABLE_OBJC_WEAK = YES;
				CLANG_WARN_BLOCK_CAPTURE_AUTORELEASING = YES;
				CLANG_WARN_BOOL_CONVERSION = YES;
				CLANG_WARN_COMMA = YES;
				CLANG_WARN_CONSTANT_CONVERSION = YES;
				CLANG_WARN_DEPRECATED_OBJC_IMPLEMENTATIONS = YES;
				CLANG_WARN_DIRECT_OBJC_ISA_USAGE = YES_ERROR;
				CLANG_WARN_DOCUMENTATION_COMMENTS = YES;
				CLANG_WARN_EMPTY_BODY = YES;
				CLANG_WARN_ENUM_CONVERSION = YES;
				CLANG_WARN_INFINITE_RECURSION = YES;
				CLANG_WARN_INT_CONVERSION = YES;
				CLANG_WARN_NON_LITERAL_NULL_CONVERSION = YES;
				CLANG_WARN_OBJC_IMPLICIT_RETAIN_SELF = YES;
				CLANG_WARN_OBJC_LITERAL_CONVERSION = YES;
				CLANG_WARN_OBJC_ROOT_CLASS = YES_ERROR;
				CLANG_WARN_QUOTED_INCLUDE_IN_FRAMEWORK_HEADER = YES;
				CLANG_WARN_RANGE_LOOP_ANALYSIS = YES;
				CLANG_WARN_STRICT_PROTOTYPES = YES;
				CLANG_WARN_SUSPICIOUS_MOVE = YES;
				CLANG_WARN_UNGUARDED_AVAILABILITY = YES_AGGRESSIVE;
				CLANG_WARN_UNREACHABLE_CODE = YES;
				CLANG_WARN__DUPLICATE_METHOD_MATCH = YES;
				COPY_PHASE_STRIP = NO;
				DEBUG_INFORMATION_FORMAT = dwarf;
				ENABLE_STRICT_OBJC_MSGSEND = YES;
				ENABLE_TESTABILITY = YES;
				GCC_C_LANGUAGE_STANDARD = gnu11;
				GCC_DYNAMIC_NO_PIC = NO;
				GCC_NO_COMMON_BLOCKS = YES;
				GCC_OPTIMIZATION_LEVEL = 0;
				GCC_PREPROCESSOR_DEFINITIONS = (
					"DEBUG=1",
					"$(inherited)",
				);
				GCC_WARN_64_TO_32_BIT_CONVERSION = YES;
				GCC_WARN_ABOUT_RETURN_TYPE = YES_ERROR;
				GCC_WARN_UNDECLARED_SELECTOR = YES;
				GCC_WARN_UNINITIALIZED_AUTOS = YES_AGGRESSIVE;
				GCC_WARN_UNUSED_FUNCTION = YES;
				GCC_WARN_UNUSED_VARIABLE = YES;
				IPHONEOS_DEPLOYMENT_TARGET = 16.1;
				MTL_ENABLE_DEBUG_INFO = INCLUDE_SOURCE;
				MTL_FAST_MATH = YES;
				ONLY_ACTIVE_ARCH = YES;
				SDKROOT = iphoneos;
				SWIFT_ACTIVE_COMPILATION_CONDITIONS = DEBUG;
				SWIFT_OPTIMIZATION_LEVEL = "-Onone";
			};
			name = Debug;
		};
		1DB9E9C0294A02B900FD4189 /* Release */ = {
			isa = XCBuildConfiguration;
			buildSettings = {
				ALWAYS_SEARCH_USER_PATHS = NO;
				CLANG_ANALYZER_NONNULL = YES;
				CLANG_ANALYZER_NUMBER_OBJECT_CONVERSION = YES_AGGRESSIVE;
				CLANG_CXX_LANGUAGE_STANDARD = "gnu++20";
				CLANG_ENABLE_MODULES = YES;
				CLANG_ENABLE_OBJC_ARC = YES;
				CLANG_ENABLE_OBJC_WEAK = YES;
				CLANG_WARN_BLOCK_CAPTURE_AUTORELEASING = YES;
				CLANG_WARN_BOOL_CONVERSION = YES;
				CLANG_WARN_COMMA = YES;
				CLANG_WARN_CONSTANT_CONVERSION = YES;
				CLANG_WARN_DEPRECATED_OBJC_IMPLEMENTATIONS = YES;
				CLANG_WARN_DIRECT_OBJC_ISA_USAGE = YES_ERROR;
				CLANG_WARN_DOCUMENTATION_COMMENTS = YES;
				CLANG_WARN_EMPTY_BODY = YES;
				CLANG_WARN_ENUM_CONVERSION = YES;
				CLANG_WARN_INFINITE_RECURSION = YES;
				CLANG_WARN_INT_CONVERSION = YES;
				CLANG_WARN_NON_LITERAL_NULL_CONVERSION = YES;
				CLANG_WARN_OBJC_IMPLICIT_RETAIN_SELF = YES;
				CLANG_WARN_OBJC_LITERAL_CONVERSION = YES;
				CLANG_WARN_OBJC_ROOT_CLASS = YES_ERROR;
				CLANG_WARN_QUOTED_INCLUDE_IN_FRAMEWORK_HEADER = YES;
				CLANG_WARN_RANGE_LOOP_ANALYSIS = YES;
				CLANG_WARN_STRICT_PROTOTYPES = YES;
				CLANG_WARN_SUSPICIOUS_MOVE = YES;
				CLANG_WARN_UNGUARDED_AVAILABILITY = YES_AGGRESSIVE;
				CLANG_WARN_UNREACHABLE_CODE = YES;
				CLANG_WARN__DUPLICATE_METHOD_MATCH = YES;
				COPY_PHASE_STRIP = NO;
				DEBUG_INFORMATION_FORMAT = "dwarf-with-dsym";
				ENABLE_NS_ASSERTIONS = NO;
				ENABLE_STRICT_OBJC_MSGSEND = YES;
				GCC_C_LANGUAGE_STANDARD = gnu11;
				GCC_NO_COMMON_BLOCKS = YES;
				GCC_WARN_64_TO_32_BIT_CONVERSION = YES;
				GCC_WARN_ABOUT_RETURN_TYPE = YES_ERROR;
				GCC_WARN_UNDECLARED_SELECTOR = YES;
				GCC_WARN_UNINITIALIZED_AUTOS = YES_AGGRESSIVE;
				GCC_WARN_UNUSED_FUNCTION = YES;
				GCC_WARN_UNUSED_VARIABLE = YES;
				IPHONEOS_DEPLOYMENT_TARGET = 16.1;
				MTL_ENABLE_DEBUG_INFO = NO;
				MTL_FAST_MATH = YES;
				SDKROOT = iphoneos;
				SWIFT_COMPILATION_MODE = wholemodule;
				SWIFT_OPTIMIZATION_LEVEL = "-O";
				VALIDATE_PRODUCT = YES;
			};
			name = Release;
		};
		1DB9E9C2294A02B900FD4189 /* Debug */ = {
			isa = XCBuildConfiguration;
			buildSettings = {
				ASSETCATALOG_COMPILER_APPICON_NAME = AppIcon;
				ASSETCATALOG_COMPILER_GLOBAL_ACCENT_COLOR_NAME = AccentColor;
				CODE_SIGN_STYLE = Automatic;
				CURRENT_PROJECT_VERSION = 1;
				GENERATE_INFOPLIST_FILE = YES;
				INFOPLIST_FILE = SwiftStudy/Info.plist;
				INFOPLIST_KEY_UIApplicationSupportsIndirectInputEvents = YES;
				INFOPLIST_KEY_UILaunchStoryboardName = LaunchScreen;
				INFOPLIST_KEY_UIMainStoryboardFile = "";
				INFOPLIST_KEY_UISupportedInterfaceOrientations_iPad = "UIInterfaceOrientationPortrait UIInterfaceOrientationPortraitUpsideDown UIInterfaceOrientationLandscapeLeft UIInterfaceOrientationLandscapeRight";
				INFOPLIST_KEY_UISupportedInterfaceOrientations_iPhone = "UIInterfaceOrientationPortrait UIInterfaceOrientationLandscapeLeft UIInterfaceOrientationLandscapeRight";
				LD_RUNPATH_SEARCH_PATHS = (
					"$(inherited)",
					"@executable_path/Frameworks",
				);
				MARKETING_VERSION = 1.0;
				PRODUCT_BUNDLE_IDENTIFIER = "-Sys.SwiftStudy";
				PRODUCT_NAME = "$(TARGET_NAME)";
				SWIFT_EMIT_LOC_STRINGS = YES;
				SWIFT_VERSION = 5.0;
				TARGETED_DEVICE_FAMILY = "1,2";
			};
			name = Debug;
		};
		1DB9E9C3294A02B900FD4189 /* Release */ = {
			isa = XCBuildConfiguration;
			buildSettings = {
				ASSETCATALOG_COMPILER_APPICON_NAME = AppIcon;
				ASSETCATALOG_COMPILER_GLOBAL_ACCENT_COLOR_NAME = AccentColor;
				CODE_SIGN_STYLE = Automatic;
				CURRENT_PROJECT_VERSION = 1;
				GENERATE_INFOPLIST_FILE = YES;
				INFOPLIST_FILE = SwiftStudy/Info.plist;
				INFOPLIST_KEY_UIApplicationSupportsIndirectInputEvents = YES;
				INFOPLIST_KEY_UILaunchStoryboardName = LaunchScreen;
				INFOPLIST_KEY_UIMainStoryboardFile = "";
				INFOPLIST_KEY_UISupportedInterfaceOrientations_iPad = "UIInterfaceOrientationPortrait UIInterfaceOrientationPortraitUpsideDown UIInterfaceOrientationLandscapeLeft UIInterfaceOrientationLandscapeRight";
				INFOPLIST_KEY_UISupportedInterfaceOrientations_iPhone = "UIInterfaceOrientationPortrait UIInterfaceOrientationLandscapeLeft UIInterfaceOrientationLandscapeRight";
				LD_RUNPATH_SEARCH_PATHS = (
					"$(inherited)",
					"@executable_path/Frameworks",
				);
				MARKETING_VERSION = 1.0;
				PRODUCT_BUNDLE_IDENTIFIER = "-Sys.SwiftStudy";
				PRODUCT_NAME = "$(TARGET_NAME)";
				SWIFT_EMIT_LOC_STRINGS = YES;
				SWIFT_VERSION = 5.0;
				TARGETED_DEVICE_FAMILY = "1,2";
			};
			name = Release;
		};
/* End XCBuildConfiguration section */

/* Begin XCConfigurationList section */
		1D332CAD29537FCC0080F61F /* Build configuration list for PBXNativeTarget "SwiftStudyUITests" */ = {
			isa = XCConfigurationList;
			buildConfigurations = (
				1D332CAE29537FCC0080F61F /* Debug */,
				1D332CAF29537FCC0080F61F /* Release */,
			);
			defaultConfigurationIsVisible = 0;
			defaultConfigurationName = Release;
		};
		1DB9E9A8294A02B700FD4189 /* Build configuration list for PBXProject "FakeBook" */ = {
			isa = XCConfigurationList;
			buildConfigurations = (
				1DB9E9BF294A02B900FD4189 /* Debug */,
				1DB9E9C0294A02B900FD4189 /* Release */,
			);
			defaultConfigurationIsVisible = 0;
			defaultConfigurationName = Release;
		};
		1DB9E9C1294A02B900FD4189 /* Build configuration list for PBXNativeTarget "SwiftStudy" */ = {
			isa = XCConfigurationList;
			buildConfigurations = (
				1DB9E9C2294A02B900FD4189 /* Debug */,
				1DB9E9C3294A02B900FD4189 /* Release */,
			);
			defaultConfigurationIsVisible = 0;
			defaultConfigurationName = Release;
		};
/* End XCConfigurationList section */
	};
	rootObject = 1DB9E9A5294A02B700FD4189 /* Project object */;
}
